// !$*UTF8*$!
{
	archiveVersion = 1;
	classes = {
	};
	objectVersion = 48;
	objects = {

/* Begin PBXBuildFile section */
		04876F10203EF3500085E828 /* POPViewController.swift in Sources */ = {isa = PBXBuildFile; fileRef = 04876F0F203EF3500085E828 /* POPViewController.swift */; };
		04A3EE51203C214500CBC6AC /* AppDelegate.swift in Sources */ = {isa = PBXBuildFile; fileRef = 04A3EE50203C214500CBC6AC /* AppDelegate.swift */; };
		04A3EE56203C214500CBC6AC /* Main.storyboard in Resources */ = {isa = PBXBuildFile; fileRef = 04A3EE54203C214500CBC6AC /* Main.storyboard */; };
		04A3EE58203C214500CBC6AC /* Assets.xcassets in Resources */ = {isa = PBXBuildFile; fileRef = 04A3EE57203C214500CBC6AC /* Assets.xcassets */; };
		04A3EE5B203C214500CBC6AC /* LaunchScreen.storyboard in Resources */ = {isa = PBXBuildFile; fileRef = 04A3EE59203C214500CBC6AC /* LaunchScreen.storyboard */; };
		04A3EE65203C6B3C00CBC6AC /* ButtonViewController.swift in Sources */ = {isa = PBXBuildFile; fileRef = 04A3EE64203C6B3C00CBC6AC /* ButtonViewController.swift */; };
		04A3EE6D203D10BF00CBC6AC /* CollectionViewController.swift in Sources */ = {isa = PBXBuildFile; fileRef = 04A3EE6C203D10BF00CBC6AC /* CollectionViewController.swift */; };
		04A3EE6F203D160F00CBC6AC /* HeaderReusableView.swift in Sources */ = {isa = PBXBuildFile; fileRef = 04A3EE6E203D160F00CBC6AC /* HeaderReusableView.swift */; };
		04A824FE2044E80F0033F51B /* BlurViewController.swift in Sources */ = {isa = PBXBuildFile; fileRef = 04A824FD2044E80F0033F51B /* BlurViewController.swift */; };
		04A825002044E8560033F51B /* MABIViewController.swift in Sources */ = {isa = PBXBuildFile; fileRef = 04A824FF2044E8560033F51B /* MABIViewController.swift */; };
		04AD435D203FFA2200A089BF /* TableViewController.swift in Sources */ = {isa = PBXBuildFile; fileRef = 04AD435C203FFA2200A089BF /* TableViewController.swift */; };
		04AD435F203FFA8900A089BF /* ReturnViewController.swift in Sources */ = {isa = PBXBuildFile; fileRef = 04AD435E203FFA8900A089BF /* ReturnViewController.swift */; };
/* End PBXBuildFile section */

/* Begin PBXFileReference section */
		04876F0F203EF3500085E828 /* POPViewController.swift */ = {isa = PBXFileReference; lastKnownFileType = sourcecode.swift; path = POPViewController.swift; sourceTree = "<group>"; };
		04A3EE4D203C214500CBC6AC /* StoryBoard.app */ = {isa = PBXFileReference; explicitFileType = wrapper.application; includeInIndex = 0; path = StoryBoard.app; sourceTree = BUILT_PRODUCTS_DIR; };
		04A3EE50203C214500CBC6AC /* AppDelegate.swift */ = {isa = PBXFileReference; lastKnownFileType = sourcecode.swift; path = AppDelegate.swift; sourceTree = "<group>"; };
		04A3EE55203C214500CBC6AC /* Base */ = {isa = PBXFileReference; lastKnownFileType = file.storyboard; name = Base; path = Base.lproj/Main.storyboard; sourceTree = "<group>"; };
		04A3EE57203C214500CBC6AC /* Assets.xcassets */ = {isa = PBXFileReference; lastKnownFileType = folder.assetcatalog; path = Assets.xcassets; sourceTree = "<group>"; };
		04A3EE5A203C214500CBC6AC /* Base */ = {isa = PBXFileReference; lastKnownFileType = file.storyboard; name = Base; path = Base.lproj/LaunchScreen.storyboard; sourceTree = "<group>"; };
		04A3EE5C203C214500CBC6AC /* Info.plist */ = {isa = PBXFileReference; lastKnownFileType = text.plist.xml; path = Info.plist; sourceTree = "<group>"; };
		04A3EE64203C6B3C00CBC6AC /* ButtonViewController.swift */ = {isa = PBXFileReference; lastKnownFileType = sourcecode.swift; path = ButtonViewController.swift; sourceTree = "<group>"; };
		04A3EE6C203D10BF00CBC6AC /* CollectionViewController.swift */ = {isa = PBXFileReference; lastKnownFileType = sourcecode.swift; path = CollectionViewController.swift; sourceTree = "<group>"; };
		04A3EE6E203D160F00CBC6AC /* HeaderReusableView.swift */ = {isa = PBXFileReference; lastKnownFileType = sourcecode.swift; path = HeaderReusableView.swift; sourceTree = "<group>"; };
		04A824FD2044E80F0033F51B /* BlurViewController.swift */ = {isa = PBXFileReference; lastKnownFileType = sourcecode.swift; path = BlurViewController.swift; sourceTree = "<group>"; };
		04A824FF2044E8560033F51B /* MABIViewController.swift */ = {isa = PBXFileReference; lastKnownFileType = sourcecode.swift; path = MABIViewController.swift; sourceTree = "<group>"; };
		04AD435C203FFA2200A089BF /* TableViewController.swift */ = {isa = PBXFileReference; lastKnownFileType = sourcecode.swift; path = TableViewController.swift; sourceTree = "<group>"; };
		04AD435E203FFA8900A089BF /* ReturnViewController.swift */ = {isa = PBXFileReference; lastKnownFileType = sourcecode.swift; path = ReturnViewController.swift; sourceTree = "<group>"; };
/* End PBXFileReference section */

/* Begin PBXFrameworksBuildPhase section */
		04A3EE4A203C214500CBC6AC /* Frameworks */ = {
			isa = PBXFrameworksBuildPhase;
			buildActionMask = 2147483647;
			files = (
			);
			runOnlyForDeploymentPostprocessing = 0;
		};
/* End PBXFrameworksBuildPhase section */

/* Begin PBXGroup section */
		04A3EE44203C214500CBC6AC = {
			isa = PBXGroup;
			children = (
				04A3EE4F203C214500CBC6AC /* StoryBoard */,
				04A3EE4E203C214500CBC6AC /* Products */,
			);
			sourceTree = "<group>";
		};
		04A3EE4E203C214500CBC6AC /* Products */ = {
			isa = PBXGroup;
			children = (
				04A3EE4D203C214500CBC6AC /* StoryBoard.app */,
			);
			name = Products;
			sourceTree = "<group>";
		};
		04A3EE4F203C214500CBC6AC /* StoryBoard */ = {
			isa = PBXGroup;
			children = (
				04A3EE50203C214500CBC6AC /* AppDelegate.swift */,
				04A3EE64203C6B3C00CBC6AC /* ButtonViewController.swift */,
				04A3EE54203C214500CBC6AC /* Main.storyboard */,
				04876F0F203EF3500085E828 /* POPViewController.swift */,
				04A3EE6E203D160F00CBC6AC /* HeaderReusableView.swift */,
				04A3EE6C203D10BF00CBC6AC /* CollectionViewController.swift */,
				04AD435C203FFA2200A089BF /* TableViewController.swift */,
				04AD435E203FFA8900A089BF /* ReturnViewController.swift */,
				04A824FD2044E80F0033F51B /* BlurViewController.swift */,
				04A824FF2044E8560033F51B /* MABIViewController.swift */,
				04A3EE57203C214500CBC6AC /* Assets.xcassets */,
				04A3EE59203C214500CBC6AC /* LaunchScreen.storyboard */,
				04A3EE5C203C214500CBC6AC /* Info.plist */,
			);
			path = StoryBoard;
			sourceTree = "<group>";
		};
/* End PBXGroup section */

/* Begin PBXNativeTarget section */
		04A3EE4C203C214500CBC6AC /* StoryBoard */ = {
			isa = PBXNativeTarget;
			buildConfigurationList = 04A3EE5F203C214500CBC6AC /* Build configuration list for PBXNativeTarget "StoryBoard" */;
			buildPhases = (
				04A3EE49203C214500CBC6AC /* Sources */,
				04A3EE4A203C214500CBC6AC /* Frameworks */,
				04A3EE4B203C214500CBC6AC /* Resources */,
			);
			buildRules = (
			);
			dependencies = (
			);
			name = StoryBoard;
			productName = StoryBoard;
			productReference = 04A3EE4D203C214500CBC6AC /* StoryBoard.app */;
			productType = "com.apple.product-type.application";
		};
/* End PBXNativeTarget section */

/* Begin PBXProject section */
		04A3EE45203C214500CBC6AC /* Project object */ = {
			isa = PBXProject;
			attributes = {
				LastSwiftUpdateCheck = 0920;
				LastUpgradeCheck = 0920;
				ORGANIZATIONNAME = "zhangguoqing@vip.163.com";
				TargetAttributes = {
					04A3EE4C203C214500CBC6AC = {
						CreatedOnToolsVersion = 9.2;
						ProvisioningStyle = Automatic;
					};
				};
			};
			buildConfigurationList = 04A3EE48203C214500CBC6AC /* Build configuration list for PBXProject "StoryBoard" */;
			compatibilityVersion = "Xcode 8.0";
			developmentRegion = en;
			hasScannedForEncodings = 0;
			knownRegions = (
				en,
				Base,
			);
			mainGroup = 04A3EE44203C214500CBC6AC;
			productRefGroup = 04A3EE4E203C214500CBC6AC /* Products */;
			projectDirPath = "";
			projectRoot = "";
			targets = (
				04A3EE4C203C214500CBC6AC /* StoryBoard */,
			);
		};
/* End PBXProject section */

/* Begin PBXResourcesBuildPhase section */
		04A3EE4B203C214500CBC6AC /* Resources */ = {
			isa = PBXResourcesBuildPhase;
			buildActionMask = 2147483647;
			files = (
				04A3EE5B203C214500CBC6AC /* LaunchScreen.storyboard in Resources */,
				04A3EE58203C214500CBC6AC /* Assets.xcassets in Resources */,
				04A3EE56203C214500CBC6AC /* Main.storyboard in Resources */,
			);
			runOnlyForDeploymentPostprocessing = 0;
		};
/* End PBXResourcesBuildPhase section */

/* Begin PBXSourcesBuildPhase section */
		04A3EE49203C214500CBC6AC /* Sources */ = {
			isa = PBXSourcesBuildPhase;
			buildActionMask = 2147483647;
			files = (
				04A3EE6D203D10BF00CBC6AC /* CollectionViewController.swift in Sources */,
				04AD435D203FFA2200A089BF /* TableViewController.swift in Sources */,
				04A3EE51203C214500CBC6AC /* AppDelegate.swift in Sources */,
				04876F10203EF3500085E828 /* POPViewController.swift in Sources */,
				04AD435F203FFA8900A089BF /* ReturnViewController.swift in Sources */,
				04A3EE6F203D160F00CBC6AC /* HeaderReusableView.swift in Sources */,
				04A825002044E8560033F51B /* MABIViewController.swift in Sources */,
				04A3EE65203C6B3C00CBC6AC /* ButtonViewController.swift in Sources */,
				04A824FE2044E80F0033F51B /* BlurViewController.swift in Sources */,
			);
			runOnlyForDeploymentPostprocessing = 0;
		};
/* End PBXSourcesBuildPhase section */

/* Begin PBXVariantGroup section */
		04A3EE54203C214500CBC6AC /* Main.storyboard */ = {
			isa = PBXVariantGroup;
			children = (
				04A3EE55203C214500CBC6AC /* Base */,
			);
			name = Main.storyboard;
			sourceTree = "<group>";
		};
		04A3EE59203C214500CBC6AC /* LaunchScreen.storyboard */ = {
			isa = PBXVariantGroup;
			children = (
				04A3EE5A203C214500CBC6AC /* Base */,
			);
			name = LaunchScreen.storyboard;
			sourceTree = "<group>";
		};
/* End PBXVariantGroup section */

/* Begin XCBuildConfiguration section */
		04A3EE5D203C214500CBC6AC /* Debug */ = {
			isa = XCBuildConfiguration;
			buildSettings = {
				ALWAYS_SEARCH_USER_PATHS = NO;
				CLANG_ANALYZER_NONNULL = YES;
				CLANG_ANALYZER_NUMBER_OBJECT_CONVERSION = YES_AGGRESSIVE;
				CLANG_CXX_LANGUAGE_STANDARD = "gnu++14";
				CLANG_CXX_LIBRARY = "libc++";
				CLANG_ENABLE_MODULES = YES;
				CLANG_ENABLE_OBJC_ARC = YES;
				CLANG_WARN_BLOCK_CAPTURE_AUTORELEASING = YES;
				CLANG_WARN_BOOL_CONVERSION = YES;
				CLANG_WARN_COMMA = YES;
				CLANG_WARN_CONSTANT_CONVERSION = YES;
				CLANG_WARN_DIRECT_OBJC_ISA_USAGE = YES_ERROR;
				CLANG_WARN_DOCUMENTATION_COMMENTS = YES;
				CLANG_WARN_EMPTY_BODY = YES;
				CLANG_WARN_ENUM_CONVERSION = YES;
				CLANG_WARN_INFINITE_RECURSION = YES;
				CLANG_WARN_INT_CONVERSION = YES;
				CLANG_WARN_NON_LITERAL_NULL_CONVERSION = YES;
				CLANG_WARN_OBJC_LITERAL_CONVERSION = YES;
				CLANG_WARN_OBJC_ROOT_CLASS = YES_ERROR;
				CLANG_WARN_RANGE_LOOP_ANALYSIS = YES;
				CLANG_WARN_STRICT_PROTOTYPES = YES;
				CLANG_WARN_SUSPICIOUS_MOVE = YES;
				CLANG_WARN_UNGUARDED_AVAILABILITY = YES_AGGRESSIVE;
				CLANG_WARN_UNREACHABLE_CODE = YES;
				CLANG_WARN__DUPLICATE_METHOD_MATCH = YES;
				CODE_SIGN_IDENTITY = "iPhone Developer";
				COPY_PHASE_STRIP = NO;
				DEBUG_INFORMATION_FORMAT = dwarf;
				ENABLE_STRICT_OBJC_MSGSEND = YES;
				ENABLE_TESTABILITY = YES;
				GCC_C_LANGUAGE_STANDARD = gnu11;
				GCC_DYNAMIC_NO_PIC = NO;
				GCC_NO_COMMON_BLOCKS = YES;
				GCC_OPTIMIZATION_LEVEL = 0;
				GCC_PREPROCESSOR_DEFINITIONS = (
					"DEBUG=1",
					"$(inherited)",
				);
				GCC_WARN_64_TO_32_BIT_CONVERSION = YES;
				GCC_WARN_ABOUT_RETURN_TYPE = YES_ERROR;
				GCC_WARN_UNDECLARED_SELECTOR = YES;
				GCC_WARN_UNINITIALIZED_AUTOS = YES_AGGRESSIVE;
				GCC_WARN_UNUSED_FUNCTION = YES;
				GCC_WARN_UNUSED_VARIABLE = YES;
				IPHONEOS_DEPLOYMENT_TARGET = 11.2;
				MTL_ENABLE_DEBUG_INFO = YES;
				ONLY_ACTIVE_ARCH = YES;
				SDKROOT = iphoneos;
				SWIFT_ACTIVE_COMPILATION_CONDITIONS = DEBUG;
				SWIFT_OPTIMIZATION_LEVEL = "-Onone";
			};
			name = Debug;
		};
		04A3EE5E203C214500CBC6AC /* Release */ = {
			isa = XCBuildConfiguration;
			buildSettings = {
				ALWAYS_SEARCH_USER_PATHS = NO;
				CLANG_ANALYZER_NONNULL = YES;
				CLANG_ANALYZER_NUMBER_OBJECT_CONVERSION = YES_AGGRESSIVE;
				CLANG_CXX_LANGUAGE_STANDARD = "gnu++14";
				CLANG_CXX_LIBRARY = "libc++";
				CLANG_ENABLE_MODULES = YES;
				CLANG_ENABLE_OBJC_ARC = YES;
				CLANG_WARN_BLOCK_CAPTURE_AUTORELEASING = YES;
				CLANG_WARN_BOOL_CONVERSION = YES;
				CLANG_WARN_COMMA = YES;
				CLANG_WARN_CONSTANT_CONVERSION = YES;
				CLANG_WARN_DIRECT_OBJC_ISA_USAGE = YES_ERROR;
				CLANG_WARN_DOCUMENTATION_COMMENTS = YES;
				CLANG_WARN_EMPTY_BODY = YES;
				CLANG_WARN_ENUM_CONVERSION = YES;
				CLANG_WARN_INFINITE_RECURSION = YES;
				CLANG_WARN_INT_CONVERSION = YES;
				CLANG_WARN_NON_LITERAL_NULL_CONVERSION = YES;
				CLANG_WARN_OBJC_LITERAL_CONVERSION = YES;
				CLANG_WARN_OBJC_ROOT_CLASS = YES_ERROR;
				CLANG_WARN_RANGE_LOOP_ANALYSIS = YES;
				CLANG_WARN_STRICT_PROTOTYPES = YES;
				CLANG_WARN_SUSPICIOUS_MOVE = YES;
				CLANG_WARN_UNGUARDED_AVAILABILITY = YES_AGGRESSIVE;
				CLANG_WARN_UNREACHABLE_CODE = YES;
				CLANG_WARN__DUPLICATE_METHOD_MATCH = YES;
				CODE_SIGN_IDENTITY = "iPhone Developer";
				COPY_PHASE_STRIP = NO;
				DEBUG_INFORMATION_FORMAT = "dwarf-with-dsym";
				ENABLE_NS_ASSERTIONS = NO;
				ENABLE_STRICT_OBJC_MSGSEND = YES;
				GCC_C_LANGUAGE_STANDARD = gnu11;
				GCC_NO_COMMON_BLOCKS = YES;
				GCC_WARN_64_TO_32_BIT_CONVERSION = YES;
				GCC_WARN_ABOUT_RETURN_TYPE = YES_ERROR;
				GCC_WARN_UNDECLARED_SELECTOR = YES;
				GCC_WARN_UNINITIALIZED_AUTOS = YES_AGGRESSIVE;
				GCC_WARN_UNUSED_FUNCTION = YES;
				GCC_WARN_UNUSED_VARIABLE = YES;
				IPHONEOS_DEPLOYMENT_TARGET = 11.2;
				MTL_ENABLE_DEBUG_INFO = NO;
				SDKROOT = iphoneos;
				SWIFT_OPTIMIZATION_LEVEL = "-Owholemodule";
				VALIDATE_PRODUCT = YES;
			};
			name = Release;
		};
		04A3EE60203C214500CBC6AC /* Debug */ = {
			isa = XCBuildConfiguration;
			buildSettings = {
				ASSETCATALOG_COMPILER_APPICON_NAME = AppIcon;
				CODE_SIGN_STYLE = Automatic;
				DEVELOPMENT_TEAM = 2533LX25LL;
				INFOPLIST_FILE = StoryBoard/Info.plist;
				LD_RUNPATH_SEARCH_PATHS = "$(inherited) @executable_path/Frameworks";
				PRODUCT_BUNDLE_IDENTIFIER = zhangguoqing.StoryBoard;
				PRODUCT_NAME = "$(TARGET_NAME)";
				SWIFT_VERSION = 4.0;
				TARGETED_DEVICE_FAMILY = "1,2";
			};
			name = Debug;
		};
		04A3EE61203C214500CBC6AC /* Release */ = {
			isa = XCBuildConfiguration;
			buildSettings = {
				ASSETCATALOG_COMPILER_APPICON_NAME = AppIcon;
				CODE_SIGN_STYLE = Automatic;
				DEVELOPMENT_TEAM = 2533LX25LL;
				INFOPLIST_FILE = StoryBoard/Info.plist;
				LD_RUNPATH_SEARCH_PATHS = "$(inherited) @executable_path/Frameworks";
				PRODUCT_BUNDLE_IDENTIFIER = zhangguoqing.StoryBoard;
				PRODUCT_NAME = "$(TARGET_NAME)";
				SWIFT_VERSION = 4.0;
				TARGETED_DEVICE_FAMILY = "1,2";
			};
			name = Release;
		};
/* End XCBuildConfiguration section */

/* Begin XCConfigurationList section */
		04A3EE48203C214500CBC6AC /* Build configuration list for PBXProject "StoryBoard" */ = {
			isa = XCConfigurationList;
			buildConfigurations = (
				04A3EE5D203C214500CBC6AC /* Debug */,
				04A3EE5E203C214500CBC6AC /* Release */,
			);
			defaultConfigurationIsVisible = 0;
			defaultConfigurationName = Release;
		};
		04A3EE5F203C214500CBC6AC /* Build configuration list for PBXNativeTarget "StoryBoard" */ = {
			isa = XCConfigurationList;
			buildConfigurations = (
				04A3EE60203C214500CBC6AC /* Debug */,
				04A3EE61203C214500CBC6AC /* Release */,
			);
			defaultConfigurationIsVisible = 0;
			defaultConfigurationName = Release;
		};
/* End XCConfigurationList section */
	};
	rootObject = 04A3EE45203C214500CBC6AC /* Project object */;
}
